
Microsoft Visual Studio Solution File, Format Version 12.00
Project("{FAE04EC0-301F-11D3-BF4B-00C04F79EFBC}") = "LibraryManagement.API", "LibraryManagement.API\LibraryManagement.API.csproj", "{DCFDDA4A-F665-489B-9EFF-739F65D6EEF3}"
EndProject
Project("{FAE04EC0-301F-11D3-BF4B-00C04F79EFBC}") = "LibraryManagement.Core", "LibraryManagement.Core\LibraryManagement.Core.csproj", "{7F1C876E-FA10-419D-AB1A-446240843E3B}"
EndProject
Project("{FAE04EC0-301F-11D3-BF4B-00C04F79EFBC}") = "LibraryManagement.Application", "LibraryManagement.Application\LibraryManagement.Application.csproj", "{2BE2CF4F-2CCB-44B8-9E1C-D670AF0055A6}"
EndProject
Project("{2150E333-8FDC-42A3-9474-1A3956D46DE8}") = "Src", "Src", "{BC36FBDB-CE52-4190-B99E-7536AC59C9A5}"
EndProject
Project("{2150E333-8FDC-42A3-9474-1A3956D46DE8}") = "Tests", "Tests", "{613E408B-9E17-4A3E-984B-994E13EA4A7E}"
EndProject
Global
	GlobalSection(SolutionConfigurationPlatforms) = preSolution
		Debug|Any CPU = Debug|Any CPU
		Release|Any CPU = Release|Any CPU
	EndGlobalSection
	GlobalSection(ProjectConfigurationPlatforms) = postSolution
		{DCFDDA4A-F665-489B-9EFF-739F65D6EEF3}.Debug|Any CPU.ActiveCfg = Debug|Any CPU
		{DCFDDA4A-F665-489B-9EFF-739F65D6EEF3}.Debug|Any CPU.Build.0 = Debug|Any CPU
		{DCFDDA4A-F665-489B-9EFF-739F65D6EEF3}.Release|Any CPU.ActiveCfg = Release|Any CPU
		{DCFDDA4A-F665-489B-9EFF-739F65D6EEF3}.Release|Any CPU.Build.0 = Release|Any CPU
		{7F1C876E-FA10-419D-AB1A-446240843E3B}.Debug|Any CPU.ActiveCfg = Debug|Any CPU
		{7F1C876E-FA10-419D-AB1A-446240843E3B}.Debug|Any CPU.Build.0 = Debug|Any CPU
		{7F1C876E-FA10-419D-AB1A-446240843E3B}.Release|Any CPU.ActiveCfg = Release|Any CPU
		{7F1C876E-FA10-419D-AB1A-446240843E3B}.Release|Any CPU.Build.0 = Release|Any CPU
		{2BE2CF4F-2CCB-44B8-9E1C-D670AF0055A6}.Debug|Any CPU.ActiveCfg = Debug|Any CPU
		{2BE2CF4F-2CCB-44B8-9E1C-D670AF0055A6}.Debug|Any CPU.Build.0 = Debug|Any CPU
		{2BE2CF4F-2CCB-44B8-9E1C-D670AF0055A6}.Release|Any CPU.ActiveCfg = Release|Any CPU
		{2BE2CF4F-2CCB-44B8-9E1C-D670AF0055A6}.Release|Any CPU.Build.0 = Release|Any CPU
	EndGlobalSection
	GlobalSection(NestedProjects) = preSolution
		{DCFDDA4A-F665-489B-9EFF-739F65D6EEF3} = {BC36FBDB-CE52-4190-B99E-7536AC59C9A5}
		{2BE2CF4F-2CCB-44B8-9E1C-D670AF0055A6} = {BC36FBDB-CE52-4190-B99E-7536AC59C9A5}
		{7F1C876E-FA10-419D-AB1A-446240843E3B} = {BC36FBDB-CE52-4190-B99E-7536AC59C9A5}
	EndGlobalSection
EndGlobal
